{
  "name": "@yaakapp/template-function-keychain-macos",
  "version": "0.0.1",
  "lockfileVersion": 3,
  "requires": true,
  "packages": {
    "": {
      "name": "@yaakapp/template-function-keychain-macos",
      "version": "0.0.1",
      "dependencies": {
        "keychain": "^1.5.0"
      }
    },
    "node_modules/keychain": {
      "version": "1.5.0",
      "resolved": "https://registry.npmjs.org/keychain/-/keychain-1.5.0.tgz",
      "integrity": "sha512-liyp4r+93RI7EB2jhwaRd4MWfdgHH6shuldkaPMkELCJjMFvOOVXuTvw1pGqFfhsrgA6OqfykWWPQgBjQakVag==",
      "license": "MIT"
    }
  }
}
